
Microsoft Visual Studio Solution File, Format Version 12.00
# Visual Studio Version 17
VisualStudioVersion = 17.12.35707.178 d17.12
MinimumVisualStudioVersion = 10.0.40219.1
Project("{FAE04EC0-301F-11D3-BF4B-00C04F79EFBC}") = "CRUD-Producto", "CRUD-Producto.csproj", "{D9A9BCEA-9DF3-48CD-9E66-AC37CCE8B250}"
EndProject
Global
	GlobalSection(SolutionConfigurationPlatforms) = preSolution
		Debug|Any CPU = Debug|Any CPU
		Release|Any CPU = Release|Any CPU
	EndGlobalSection
	GlobalSection(ProjectConfigurationPlatforms) = postSolution
		{D9A9BCEA-9DF3-48CD-9E66-AC37CCE8B250}.Debug|Any CPU.ActiveCfg = Debug|Any CPU
		{D9A9BCEA-9DF3-48CD-9E66-AC37CCE8B250}.Debug|Any CPU.Build.0 = Debug|Any CPU
		{D9A9BCEA-9DF3-48CD-9E66-AC37CCE8B250}.Release|Any CPU.ActiveCfg = Release|Any CPU
		{D9A9BCEA-9DF3-48CD-9E66-AC37CCE8B250}.Release|Any CPU.Build.0 = Release|Any CPU
	EndGlobalSection
	GlobalSection(SolutionProperties) = preSolution
		HideSolutionNode = FALSE
	EndGlobalSection
EndGlobal
